// !$*UTF8*$!
{
	archiveVersion = 1;
	classes = {
	};
	objectVersion = 56;
	objects = {

/* Begin PBXBuildFile section */
		F3046E922E51DCA400C9099D /* RegisterView.swift in Sources */ = {isa = PBXBuildFile; fileRef = F3046E912E51DCA400C9099D /* RegisterView.swift */; };
		F3046E952E5229DF00C9099D /* Router.swift in Sources */ = {isa = PBXBuildFile; fileRef = F3046E942E5229DF00C9099D /* Router.swift */; };
		F3046E982E522CAE00C9099D /* AdminDashboardView.swift in Sources */ = {isa = PBXBuildFile; fileRef = F3046E972E522CAE00C9099D /* AdminDashboardView.swift */; };
		F3046E9A2E522CBF00C9099D /* HospitalDashboardView.swift in Sources */ = {isa = PBXBuildFile; fileRef = F3046E992E522CBF00C9099D /* HospitalDashboardView.swift */; };
		F3046E9C2E522CDC00C9099D /* OrganisationDashboardView.swift in Sources */ = {isa = PBXBuildFile; fileRef = F3046E9B2E522CDC00C9099D /* OrganisationDashboardView.swift */; };
		F3046E9E2E522CEB00C9099D /* DonorDashboardView.swift in Sources */ = {isa = PBXBuildFile; fileRef = F3046E9D2E522CEB00C9099D /* DonorDashboardView.swift */; };
		F30942C92E50F3CC0001042E /* AuthResponse.swift in Sources */ = {isa = PBXBuildFile; fileRef = F30942C82E50F3CC0001042E /* AuthResponse.swift */; };
		F30942CB2E50F5A90001042E /* APIClient.swift in Sources */ = {isa = PBXBuildFile; fileRef = F30942CA2E50F5A90001042E /* APIClient.swift */; };
		F30942CD2E51013F0001042E /* AuthService.swift in Sources */ = {isa = PBXBuildFile; fileRef = F30942CC2E51013F0001042E /* AuthService.swift */; };
		F30942CF2E510EC60001042E /* AuthViewModel.swift in Sources */ = {isa = PBXBuildFile; fileRef = F30942CE2E510EC60001042E /* AuthViewModel.swift */; };
		F30942D22E5117FF0001042E /* LoginView.swift in Sources */ = {isa = PBXBuildFile; fileRef = F30942D12E5117FF0001042E /* LoginView.swift */; };
		F35297B52E4BA68100EFFC51 /* BloodBankApp.swift in Sources */ = {isa = PBXBuildFile; fileRef = F35297B42E4BA68100EFFC51 /* BloodBankApp.swift */; };
		F35297B72E4BA68100EFFC51 /* LaunchView.swift in Sources */ = {isa = PBXBuildFile; fileRef = F35297B62E4BA68100EFFC51 /* LaunchView.swift */; };
		F35297B92E4BA68500EFFC51 /* Assets.xcassets in Resources */ = {isa = PBXBuildFile; fileRef = F35297B82E4BA68500EFFC51 /* Assets.xcassets */; };
		F35297BC2E4BA68500EFFC51 /* Preview Assets.xcassets in Resources */ = {isa = PBXBuildFile; fileRef = F35297BB2E4BA68500EFFC51 /* Preview Assets.xcassets */; };
		F35297C62E4BA68600EFFC51 /* BloodBankTests.swift in Sources */ = {isa = PBXBuildFile; fileRef = F35297C52E4BA68600EFFC51 /* BloodBankTests.swift */; };
		F35297D02E4BA68600EFFC51 /* BloodBankUITests.swift in Sources */ = {isa = PBXBuildFile; fileRef = F35297CF2E4BA68600EFFC51 /* BloodBankUITests.swift */; };
		F35297D22E4BA68600EFFC51 /* BloodBankUITestsLaunchTests.swift in Sources */ = {isa = PBXBuildFile; fileRef = F35297D12E4BA68600EFFC51 /* BloodBankUITestsLaunchTests.swift */; };
		F3D0550A2E4CF70C00FCECF3 /* AppState.swift in Sources */ = {isa = PBXBuildFile; fileRef = F3D055092E4CF70C00FCECF3 /* AppState.swift */; };
		F3D0550C2E4CF83200FCECF3 /* User.swift in Sources */ = {isa = PBXBuildFile; fileRef = F3D0550B2E4CF83200FCECF3 /* User.swift */; };
/* End PBXBuildFile section */

/* Begin PBXContainerItemProxy section */
		F35297C22E4BA68600EFFC51 /* PBXContainerItemProxy */ = {
			isa = PBXContainerItemProxy;
			containerPortal = F35297A92E4BA68100EFFC51 /* Project object */;
			proxyType = 1;
			remoteGlobalIDString = F35297B02E4BA68100EFFC51;
			remoteInfo = BloodBank;
		};
		F35297CC2E4BA68600EFFC51 /* PBXContainerItemProxy */ = {
			isa = PBXContainerItemProxy;
			containerPortal = F35297A92E4BA68100EFFC51 /* Project object */;
			proxyType = 1;
			remoteGlobalIDString = F35297B02E4BA68100EFFC51;
			remoteInfo = BloodBank;
		};
/* End PBXContainerItemProxy section */

/* Begin PBXFileReference section */
		F3046E912E51DCA400C9099D /* RegisterView.swift */ = {isa = PBXFileReference; lastKnownFileType = sourcecode.swift; path = RegisterView.swift; sourceTree = "<group>"; };
		F3046E942E5229DF00C9099D /* Router.swift */ = {isa = PBXFileReference; lastKnownFileType = sourcecode.swift; path = Router.swift; sourceTree = "<group>"; };
		F3046E972E522CAE00C9099D /* AdminDashboardView.swift */ = {isa = PBXFileReference; lastKnownFileType = sourcecode.swift; path = AdminDashboardView.swift; sourceTree = "<group>"; };
		F3046E992E522CBF00C9099D /* HospitalDashboardView.swift */ = {isa = PBXFileReference; lastKnownFileType = sourcecode.swift; path = HospitalDashboardView.swift; sourceTree = "<group>"; };
		F3046E9B2E522CDC00C9099D /* OrganisationDashboardView.swift */ = {isa = PBXFileReference; lastKnownFileType = sourcecode.swift; path = OrganisationDashboardView.swift; sourceTree = "<group>"; };
		F3046E9D2E522CEB00C9099D /* DonorDashboardView.swift */ = {isa = PBXFileReference; lastKnownFileType = sourcecode.swift; path = DonorDashboardView.swift; sourceTree = "<group>"; };
		F30942C82E50F3CC0001042E /* AuthResponse.swift */ = {isa = PBXFileReference; lastKnownFileType = sourcecode.swift; path = AuthResponse.swift; sourceTree = "<group>"; };
		F30942CA2E50F5A90001042E /* APIClient.swift */ = {isa = PBXFileReference; lastKnownFileType = sourcecode.swift; path = APIClient.swift; sourceTree = "<group>"; };
		F30942CC2E51013F0001042E /* AuthService.swift */ = {isa = PBXFileReference; lastKnownFileType = sourcecode.swift; path = AuthService.swift; sourceTree = "<group>"; };
		F30942CE2E510EC60001042E /* AuthViewModel.swift */ = {isa = PBXFileReference; lastKnownFileType = sourcecode.swift; path = AuthViewModel.swift; sourceTree = "<group>"; };
		F30942D12E5117FF0001042E /* LoginView.swift */ = {isa = PBXFileReference; lastKnownFileType = sourcecode.swift; path = LoginView.swift; sourceTree = "<group>"; };
		F35297B12E4BA68100EFFC51 /* BloodBank.app */ = {isa = PBXFileReference; explicitFileType = wrapper.application; includeInIndex = 0; path = BloodBank.app; sourceTree = BUILT_PRODUCTS_DIR; };
		F35297B42E4BA68100EFFC51 /* BloodBankApp.swift */ = {isa = PBXFileReference; lastKnownFileType = sourcecode.swift; path = BloodBankApp.swift; sourceTree = "<group>"; };
		F35297B62E4BA68100EFFC51 /* LaunchView.swift */ = {isa = PBXFileReference; lastKnownFileType = sourcecode.swift; path = LaunchView.swift; sourceTree = "<group>"; };
		F35297B82E4BA68500EFFC51 /* Assets.xcassets */ = {isa = PBXFileReference; lastKnownFileType = folder.assetcatalog; path = Assets.xcassets; sourceTree = "<group>"; };
		F35297BB2E4BA68500EFFC51 /* Preview Assets.xcassets */ = {isa = PBXFileReference; lastKnownFileType = folder.assetcatalog; path = "Preview Assets.xcassets"; sourceTree = "<group>"; };
		F35297C12E4BA68600EFFC51 /* BloodBankTests.xctest */ = {isa = PBXFileReference; explicitFileType = wrapper.cfbundle; includeInIndex = 0; path = BloodBankTests.xctest; sourceTree = BUILT_PRODUCTS_DIR; };
		F35297C52E4BA68600EFFC51 /* BloodBankTests.swift */ = {isa = PBXFileReference; lastKnownFileType = sourcecode.swift; path = BloodBankTests.swift; sourceTree = "<group>"; };
		F35297CB2E4BA68600EFFC51 /* BloodBankUITests.xctest */ = {isa = PBXFileReference; explicitFileType = wrapper.cfbundle; includeInIndex = 0; path = BloodBankUITests.xctest; sourceTree = BUILT_PRODUCTS_DIR; };
		F35297CF2E4BA68600EFFC51 /* BloodBankUITests.swift */ = {isa = PBXFileReference; lastKnownFileType = sourcecode.swift; path = BloodBankUITests.swift; sourceTree = "<group>"; };
		F35297D12E4BA68600EFFC51 /* BloodBankUITestsLaunchTests.swift */ = {isa = PBXFileReference; lastKnownFileType = sourcecode.swift; path = BloodBankUITestsLaunchTests.swift; sourceTree = "<group>"; };
		F3D055092E4CF70C00FCECF3 /* AppState.swift */ = {isa = PBXFileReference; lastKnownFileType = sourcecode.swift; path = AppState.swift; sourceTree = "<group>"; };
		F3D0550B2E4CF83200FCECF3 /* User.swift */ = {isa = PBXFileReference; lastKnownFileType = sourcecode.swift; path = User.swift; sourceTree = "<group>"; };
/* End PBXFileReference section */

/* Begin PBXFrameworksBuildPhase section */
		F35297AE2E4BA68100EFFC51 /* Frameworks */ = {
			isa = PBXFrameworksBuildPhase;
			buildActionMask = 2147483647;
			files = (
			);
			runOnlyForDeploymentPostprocessing = 0;
		};
		F35297BE2E4BA68600EFFC51 /* Frameworks */ = {
			isa = PBXFrameworksBuildPhase;
			buildActionMask = 2147483647;
			files = (
			);
			runOnlyForDeploymentPostprocessing = 0;
		};
		F35297C82E4BA68600EFFC51 /* Frameworks */ = {
			isa = PBXFrameworksBuildPhase;
			buildActionMask = 2147483647;
			files = (
			);
			runOnlyForDeploymentPostprocessing = 0;
		};
/* End PBXFrameworksBuildPhase section */

/* Begin PBXGroup section */
		F3046E932E5229C600C9099D /* Navigation */ = {
			isa = PBXGroup;
			children = (
				F3046E942E5229DF00C9099D /* Router.swift */,
			);
			path = Navigation;
			sourceTree = "<group>";
		};
		F3046E962E522C8B00C9099D /* Dashboard */ = {
			isa = PBXGroup;
			children = (
				F3046E972E522CAE00C9099D /* AdminDashboardView.swift */,
				F3046E992E522CBF00C9099D /* HospitalDashboardView.swift */,
				F3046E9B2E522CDC00C9099D /* OrganisationDashboardView.swift */,
				F3046E9D2E522CEB00C9099D /* DonorDashboardView.swift */,
			);
			path = Dashboard;
			sourceTree = "<group>";
		};
		F30942D02E5117E10001042E /* Auth */ = {
			isa = PBXGroup;
			children = (
				F30942D12E5117FF0001042E /* LoginView.swift */,
				F3046E912E51DCA400C9099D /* RegisterView.swift */,
			);
			path = Auth;
			sourceTree = "<group>";
		};
		F35297A82E4BA68100EFFC51 = {
			isa = PBXGroup;
			children = (
				F35297B32E4BA68100EFFC51 /* BloodBank */,
				F35297C42E4BA68600EFFC51 /* BloodBankTests */,
				F35297CE2E4BA68600EFFC51 /* BloodBankUITests */,
				F35297B22E4BA68100EFFC51 /* Products */,
			);
			sourceTree = "<group>";
		};
		F35297B22E4BA68100EFFC51 /* Products */ = {
			isa = PBXGroup;
			children = (
				F35297B12E4BA68100EFFC51 /* BloodBank.app */,
				F35297C12E4BA68600EFFC51 /* BloodBankTests.xctest */,
				F35297CB2E4BA68600EFFC51 /* BloodBankUITests.xctest */,
			);
			name = Products;
			sourceTree = "<group>";
		};
		F35297B32E4BA68100EFFC51 /* BloodBank */ = {
			isa = PBXGroup;
			children = (
				F3D055082E4CF6EB00FCECF3 /* Services */,
				F35297E32E4BA9F100EFFC51 /* Utils */,
				F35297E22E4BA9E500EFFC51 /* Resources */,
				F35297E02E4BA97E00EFFC51 /* ViewModels */,
				F35297DF2E4BA96D00EFFC51 /* Views */,
				F35297DE2E4BA94A00EFFC51 /* Models */,
				F35297B42E4BA68100EFFC51 /* BloodBankApp.swift */,
				F35297B62E4BA68100EFFC51 /* LaunchView.swift */,
			);
			path = BloodBank;
			sourceTree = "<group>";
		};
		F35297BA2E4BA68500EFFC51 /* Preview Content */ = {
			isa = PBXGroup;
			children = (
				F35297BB2E4BA68500EFFC51 /* Preview Assets.xcassets */,
			);
			path = "Preview Content";
			sourceTree = "<group>";
		};
		F35297C42E4BA68600EFFC51 /* BloodBankTests */ = {
			isa = PBXGroup;
			children = (
				F35297C52E4BA68600EFFC51 /* BloodBankTests.swift */,
			);
			path = BloodBankTests;
			sourceTree = "<group>";
		};
		F35297CE2E4BA68600EFFC51 /* BloodBankUITests */ = {
			isa = PBXGroup;
			children = (
				F35297CF2E4BA68600EFFC51 /* BloodBankUITests.swift */,
				F35297D12E4BA68600EFFC51 /* BloodBankUITestsLaunchTests.swift */,
			);
			path = BloodBankUITests;
			sourceTree = "<group>";
		};
		F35297DE2E4BA94A00EFFC51 /* Models */ = {
			isa = PBXGroup;
			children = (
				F3D0550B2E4CF83200FCECF3 /* User.swift */,
				F30942C82E50F3CC0001042E /* AuthResponse.swift */,
			);
			path = Models;
			sourceTree = "<group>";
		};
		F35297DF2E4BA96D00EFFC51 /* Views */ = {
			isa = PBXGroup;
			children = (
				F3046E962E522C8B00C9099D /* Dashboard */,
				F30942D02E5117E10001042E /* Auth */,
			);
			path = Views;
			sourceTree = "<group>";
		};
		F35297E02E4BA97E00EFFC51 /* ViewModels */ = {
			isa = PBXGroup;
			children = (
				F30942CE2E510EC60001042E /* AuthViewModel.swift */,
			);
			path = ViewModels;
			sourceTree = "<group>";
		};
		F35297E12E4BA9D400EFFC51 /* Network */ = {
			isa = PBXGroup;
			children = (
				F30942CA2E50F5A90001042E /* APIClient.swift */,
				F30942CC2E51013F0001042E /* AuthService.swift */,
			);
			path = Network;
			sourceTree = "<group>";
		};
		F35297E22E4BA9E500EFFC51 /* Resources */ = {
			isa = PBXGroup;
			children = (
				F35297B82E4BA68500EFFC51 /* Assets.xcassets */,
				F35297BA2E4BA68500EFFC51 /* Preview Content */,
			);
			path = Resources;
			sourceTree = "<group>";
		};
		F35297E32E4BA9F100EFFC51 /* Utils */ = {
			isa = PBXGroup;
			children = (
			);
			path = Utils;
			sourceTree = "<group>";
		};
		F3D055082E4CF6EB00FCECF3 /* Services */ = {
			isa = PBXGroup;
			children = (
				F3046E932E5229C600C9099D /* Navigation */,
				F35297E12E4BA9D400EFFC51 /* Network */,
				F3D055092E4CF70C00FCECF3 /* AppState.swift */,
			);
			path = Services;
			sourceTree = "<group>";
		};
/* End PBXGroup section */

/* Begin PBXNativeTarget section */
		F35297B02E4BA68100EFFC51 /* BloodBank */ = {
			isa = PBXNativeTarget;
			buildConfigurationList = F35297D52E4BA68600EFFC51 /* Build configuration list for PBXNativeTarget "BloodBank" */;
			buildPhases = (
				F35297AD2E4BA68100EFFC51 /* Sources */,
				F35297AE2E4BA68100EFFC51 /* Frameworks */,
				F35297AF2E4BA68100EFFC51 /* Resources */,
			);
			buildRules = (
			);
			dependencies = (
			);
			name = BloodBank;
			productName = BloodBank;
			productReference = F35297B12E4BA68100EFFC51 /* BloodBank.app */;
			productType = "com.apple.product-type.application";
		};
		F35297C02E4BA68600EFFC51 /* BloodBankTests */ = {
			isa = PBXNativeTarget;
			buildConfigurationList = F35297D82E4BA68600EFFC51 /* Build configuration list for PBXNativeTarget "BloodBankTests" */;
			buildPhases = (
				F35297BD2E4BA68600EFFC51 /* Sources */,
				F35297BE2E4BA68600EFFC51 /* Frameworks */,
				F35297BF2E4BA68600EFFC51 /* Resources */,
			);
			buildRules = (
			);
			dependencies = (
				F35297C32E4BA68600EFFC51 /* PBXTargetDependency */,
			);
			name = BloodBankTests;
			productName = BloodBankTests;
			productReference = F35297C12E4BA68600EFFC51 /* BloodBankTests.xctest */;
			productType = "com.apple.product-type.bundle.unit-test";
		};
		F35297CA2E4BA68600EFFC51 /* BloodBankUITests */ = {
			isa = PBXNativeTarget;
			buildConfigurationList = F35297DB2E4BA68600EFFC51 /* Build configuration list for PBXNativeTarget "BloodBankUITests" */;
			buildPhases = (
				F35297C72E4BA68600EFFC51 /* Sources */,
				F35297C82E4BA68600EFFC51 /* Frameworks */,
				F35297C92E4BA68600EFFC51 /* Resources */,
			);
			buildRules = (
			);
			dependencies = (
				F35297CD2E4BA68600EFFC51 /* PBXTargetDependency */,
			);
			name = BloodBankUITests;
			productName = BloodBankUITests;
			productReference = F35297CB2E4BA68600EFFC51 /* BloodBankUITests.xctest */;
			productType = "com.apple.product-type.bundle.ui-testing";
		};
/* End PBXNativeTarget section */

/* Begin PBXProject section */
		F35297A92E4BA68100EFFC51 /* Project object */ = {
			isa = PBXProject;
			attributes = {
				BuildIndependentTargetsInParallel = 1;
				LastSwiftUpdateCheck = 1420;
				LastUpgradeCheck = 1420;
				TargetAttributes = {
					F35297B02E4BA68100EFFC51 = {
						CreatedOnToolsVersion = 14.2;
					};
					F35297C02E4BA68600EFFC51 = {
						CreatedOnToolsVersion = 14.2;
						TestTargetID = F35297B02E4BA68100EFFC51;
					};
					F35297CA2E4BA68600EFFC51 = {
						CreatedOnToolsVersion = 14.2;
						TestTargetID = F35297B02E4BA68100EFFC51;
					};
				};
			};
			buildConfigurationList = F35297AC2E4BA68100EFFC51 /* Build configuration list for PBXProject "BloodBank" */;
			compatibilityVersion = "Xcode 14.0";
			developmentRegion = en;
			hasScannedForEncodings = 0;
			knownRegions = (
				en,
				Base,
			);
			mainGroup = F35297A82E4BA68100EFFC51;
			productRefGroup = F35297B22E4BA68100EFFC51 /* Products */;
			projectDirPath = "";
			projectRoot = "";
			targets = (
				F35297B02E4BA68100EFFC51 /* BloodBank */,
				F35297C02E4BA68600EFFC51 /* BloodBankTests */,
				F35297CA2E4BA68600EFFC51 /* BloodBankUITests */,
			);
		};
/* End PBXProject section */

/* Begin PBXResourcesBuildPhase section */
		F35297AF2E4BA68100EFFC51 /* Resources */ = {
			isa = PBXResourcesBuildPhase;
			buildActionMask = 2147483647;
			files = (
				F35297BC2E4BA68500EFFC51 /* Preview Assets.xcassets in Resources */,
				F35297B92E4BA68500EFFC51 /* Assets.xcassets in Resources */,
			);
			runOnlyForDeploymentPostprocessing = 0;
		};
		F35297BF2E4BA68600EFFC51 /* Resources */ = {
			isa = PBXResourcesBuildPhase;
			buildActionMask = 2147483647;
			files = (
			);
			runOnlyForDeploymentPostprocessing = 0;
		};
		F35297C92E4BA68600EFFC51 /* Resources */ = {
			isa = PBXResourcesBuildPhase;
			buildActionMask = 2147483647;
			files = (
			);
			runOnlyForDeploymentPostprocessing = 0;
		};
/* End PBXResourcesBuildPhase section */

/* Begin PBXSourcesBuildPhase section */
		F35297AD2E4BA68100EFFC51 /* Sources */ = {
			isa = PBXSourcesBuildPhase;
			buildActionMask = 2147483647;
			files = (
				F3046E952E5229DF00C9099D /* Router.swift in Sources */,
				F3046E9E2E522CEB00C9099D /* DonorDashboardView.swift in Sources */,
				F3D0550C2E4CF83200FCECF3 /* User.swift in Sources */,
				F3046E922E51DCA400C9099D /* RegisterView.swift in Sources */,
				F3046E9C2E522CDC00C9099D /* OrganisationDashboardView.swift in Sources */,
				F3D0550A2E4CF70C00FCECF3 /* AppState.swift in Sources */,
				F35297B72E4BA68100EFFC51 /* LaunchView.swift in Sources */,
				F30942D22E5117FF0001042E /* LoginView.swift in Sources */,
				F3046E9A2E522CBF00C9099D /* HospitalDashboardView.swift in Sources */,
				F30942C92E50F3CC0001042E /* AuthResponse.swift in Sources */,
				F30942CF2E510EC60001042E /* AuthViewModel.swift in Sources */,
				F35297B52E4BA68100EFFC51 /* BloodBankApp.swift in Sources */,
				F30942CB2E50F5A90001042E /* APIClient.swift in Sources */,
				F30942CD2E51013F0001042E /* AuthService.swift in Sources */,
				F3046E982E522CAE00C9099D /* AdminDashboardView.swift in Sources */,
			);
			runOnlyForDeploymentPostprocessing = 0;
		};
		F35297BD2E4BA68600EFFC51 /* Sources */ = {
			isa = PBXSourcesBuildPhase;
			buildActionMask = 2147483647;
			files = (
				F35297C62E4BA68600EFFC51 /* BloodBankTests.swift in Sources */,
			);
			runOnlyForDeploymentPostprocessing = 0;
		};
		F35297C72E4BA68600EFFC51 /* Sources */ = {
			isa = PBXSourcesBuildPhase;
			buildActionMask = 2147483647;
			files = (
				F35297D02E4BA68600EFFC51 /* BloodBankUITests.swift in Sources */,
				F35297D22E4BA68600EFFC51 /* BloodBankUITestsLaunchTests.swift in Sources */,
			);
			runOnlyForDeploymentPostprocessing = 0;
		};
/* End PBXSourcesBuildPhase section */

/* Begin PBXTargetDependency section */
		F35297C32E4BA68600EFFC51 /* PBXTargetDependency */ = {
			isa = PBXTargetDependency;
			target = F35297B02E4BA68100EFFC51 /* BloodBank */;
			targetProxy = F35297C22E4BA68600EFFC51 /* PBXContainerItemProxy */;
		};
		F35297CD2E4BA68600EFFC51 /* PBXTargetDependency */ = {
			isa = PBXTargetDependency;
			target = F35297B02E4BA68100EFFC51 /* BloodBank */;
			targetProxy = F35297CC2E4BA68600EFFC51 /* PBXContainerItemProxy */;
		};
/* End PBXTargetDependency section */

/* Begin XCBuildConfiguration section */
		F35297D32E4BA68600EFFC51 /* Debug */ = {
			isa = XCBuildConfiguration;
			buildSettings = {
				ALWAYS_SEARCH_USER_PATHS = NO;
				CLANG_ANALYZER_NONNULL = YES;
				CLANG_ANALYZER_NUMBER_OBJECT_CONVERSION = YES_AGGRESSIVE;
				CLANG_CXX_LANGUAGE_STANDARD = "gnu++20";
				CLANG_ENABLE_MODULES = YES;
				CLANG_ENABLE_OBJC_ARC = YES;
				CLANG_ENABLE_OBJC_WEAK = YES;
				CLANG_WARN_BLOCK_CAPTURE_AUTORELEASING = YES;
				CLANG_WARN_BOOL_CONVERSION = YES;
				CLANG_WARN_COMMA = YES;
				CLANG_WARN_CONSTANT_CONVERSION = YES;
				CLANG_WARN_DEPRECATED_OBJC_IMPLEMENTATIONS = YES;
				CLANG_WARN_DIRECT_OBJC_ISA_USAGE = YES_ERROR;
				CLANG_WARN_DOCUMENTATION_COMMENTS = YES;
				CLANG_WARN_EMPTY_BODY = YES;
				CLANG_WARN_ENUM_CONVERSION = YES;
				CLANG_WARN_INFINITE_RECURSION = YES;
				CLANG_WARN_INT_CONVERSION = YES;
				CLANG_WARN_NON_LITERAL_NULL_CONVERSION = YES;
				CLANG_WARN_OBJC_IMPLICIT_RETAIN_SELF = YES;
				CLANG_WARN_OBJC_LITERAL_CONVERSION = YES;
				CLANG_WARN_OBJC_ROOT_CLASS = YES_ERROR;
				CLANG_WARN_QUOTED_INCLUDE_IN_FRAMEWORK_HEADER = YES;
				CLANG_WARN_RANGE_LOOP_ANALYSIS = YES;
				CLANG_WARN_STRICT_PROTOTYPES = YES;
				CLANG_WARN_SUSPICIOUS_MOVE = YES;
				CLANG_WARN_UNGUARDED_AVAILABILITY = YES_AGGRESSIVE;
				CLANG_WARN_UNREACHABLE_CODE = YES;
				CLANG_WARN__DUPLICATE_METHOD_MATCH = YES;
				COPY_PHASE_STRIP = NO;
				DEBUG_INFORMATION_FORMAT = dwarf;
				ENABLE_STRICT_OBJC_MSGSEND = YES;
				ENABLE_TESTABILITY = YES;
				GCC_C_LANGUAGE_STANDARD = gnu11;
				GCC_DYNAMIC_NO_PIC = NO;
				GCC_NO_COMMON_BLOCKS = YES;
				GCC_OPTIMIZATION_LEVEL = 0;
				GCC_PREPROCESSOR_DEFINITIONS = (
					"DEBUG=1",
					"$(inherited)",
				);
				GCC_WARN_64_TO_32_BIT_CONVERSION = YES;
				GCC_WARN_ABOUT_RETURN_TYPE = YES_ERROR;
				GCC_WARN_UNDECLARED_SELECTOR = YES;
				GCC_WARN_UNINITIALIZED_AUTOS = YES_AGGRESSIVE;
				GCC_WARN_UNUSED_FUNCTION = YES;
				GCC_WARN_UNUSED_VARIABLE = YES;
				IPHONEOS_DEPLOYMENT_TARGET = 16.2;
				MTL_ENABLE_DEBUG_INFO = INCLUDE_SOURCE;
				MTL_FAST_MATH = YES;
				ONLY_ACTIVE_ARCH = YES;
				SDKROOT = iphoneos;
				SWIFT_ACTIVE_COMPILATION_CONDITIONS = DEBUG;
				SWIFT_OPTIMIZATION_LEVEL = "-Onone";
			};
			name = Debug;
		};
		F35297D42E4BA68600EFFC51 /* Release */ = {
			isa = XCBuildConfiguration;
			buildSettings = {
				ALWAYS_SEARCH_USER_PATHS = NO;
				CLANG_ANALYZER_NONNULL = YES;
				CLANG_ANALYZER_NUMBER_OBJECT_CONVERSION = YES_AGGRESSIVE;
				CLANG_CXX_LANGUAGE_STANDARD = "gnu++20";
				CLANG_ENABLE_MODULES = YES;
				CLANG_ENABLE_OBJC_ARC = YES;
				CLANG_ENABLE_OBJC_WEAK = YES;
				CLANG_WARN_BLOCK_CAPTURE_AUTORELEASING = YES;
				CLANG_WARN_BOOL_CONVERSION = YES;
				CLANG_WARN_COMMA = YES;
				CLANG_WARN_CONSTANT_CONVERSION = YES;
				CLANG_WARN_DEPRECATED_OBJC_IMPLEMENTATIONS = YES;
				CLANG_WARN_DIRECT_OBJC_ISA_USAGE = YES_ERROR;
				CLANG_WARN_DOCUMENTATION_COMMENTS = YES;
				CLANG_WARN_EMPTY_BODY = YES;
				CLANG_WARN_ENUM_CONVERSION = YES;
				CLANG_WARN_INFINITE_RECURSION = YES;
				CLANG_WARN_INT_CONVERSION = YES;
				CLANG_WARN_NON_LITERAL_NULL_CONVERSION = YES;
				CLANG_WARN_OBJC_IMPLICIT_RETAIN_SELF = YES;
				CLANG_WARN_OBJC_LITERAL_CONVERSION = YES;
				CLANG_WARN_OBJC_ROOT_CLASS = YES_ERROR;
				CLANG_WARN_QUOTED_INCLUDE_IN_FRAMEWORK_HEADER = YES;
				CLANG_WARN_RANGE_LOOP_ANALYSIS = YES;
				CLANG_WARN_STRICT_PROTOTYPES = YES;
				CLANG_WARN_SUSPICIOUS_MOVE = YES;
				CLANG_WARN_UNGUARDED_AVAILABILITY = YES_AGGRESSIVE;
				CLANG_WARN_UNREACHABLE_CODE = YES;
				CLANG_WARN__DUPLICATE_METHOD_MATCH = YES;
				COPY_PHASE_STRIP = NO;
				DEBUG_INFORMATION_FORMAT = "dwarf-with-dsym";
				ENABLE_NS_ASSERTIONS = NO;
				ENABLE_STRICT_OBJC_MSGSEND = YES;
				GCC_C_LANGUAGE_STANDARD = gnu11;
				GCC_NO_COMMON_BLOCKS = YES;
				GCC_WARN_64_TO_32_BIT_CONVERSION = YES;
				GCC_WARN_ABOUT_RETURN_TYPE = YES_ERROR;
				GCC_WARN_UNDECLARED_SELECTOR = YES;
				GCC_WARN_UNINITIALIZED_AUTOS = YES_AGGRESSIVE;
				GCC_WARN_UNUSED_FUNCTION = YES;
				GCC_WARN_UNUSED_VARIABLE = YES;
				IPHONEOS_DEPLOYMENT_TARGET = 16.2;
				MTL_ENABLE_DEBUG_INFO = NO;
				MTL_FAST_MATH = YES;
				SDKROOT = iphoneos;
				SWIFT_COMPILATION_MODE = wholemodule;
				SWIFT_OPTIMIZATION_LEVEL = "-O";
				VALIDATE_PRODUCT = YES;
			};
			name = Release;
		};
		F35297D62E4BA68600EFFC51 /* Debug */ = {
			isa = XCBuildConfiguration;
			buildSettings = {
				ASSETCATALOG_COMPILER_APPICON_NAME = AppIcon;
				ASSETCATALOG_COMPILER_GLOBAL_ACCENT_COLOR_NAME = AccentColor;
				CODE_SIGN_STYLE = Automatic;
				CURRENT_PROJECT_VERSION = 1;
				DEVELOPMENT_ASSET_PATHS = "\"BloodBank/Resources/Preview Content\"";
				ENABLE_PREVIEWS = YES;
				GENERATE_INFOPLIST_FILE = YES;
				INFOPLIST_KEY_UIApplicationSceneManifest_Generation = YES;
				INFOPLIST_KEY_UIApplicationSupportsIndirectInputEvents = YES;
				INFOPLIST_KEY_UILaunchScreen_Generation = YES;
				INFOPLIST_KEY_UISupportedInterfaceOrientations_iPad = "UIInterfaceOrientationPortrait UIInterfaceOrientationPortraitUpsideDown UIInterfaceOrientationLandscapeLeft UIInterfaceOrientationLandscapeRight";
				INFOPLIST_KEY_UISupportedInterfaceOrientations_iPhone = "UIInterfaceOrientationPortrait UIInterfaceOrientationLandscapeLeft UIInterfaceOrientationLandscapeRight";
				LD_RUNPATH_SEARCH_PATHS = (
					"$(inherited)",
					"@executable_path/Frameworks",
				);
				MARKETING_VERSION = 1.0;
				PRODUCT_BUNDLE_IDENTIFIER = Pratik.BloodBank;
				PRODUCT_NAME = "$(TARGET_NAME)";
				SWIFT_EMIT_LOC_STRINGS = YES;
				SWIFT_VERSION = 5.0;
				TARGETED_DEVICE_FAMILY = "1,2";
			};
			name = Debug;
		};
		F35297D72E4BA68600EFFC51 /* Release */ = {
			isa = XCBuildConfiguration;
			buildSettings = {
				ASSETCATALOG_COMPILER_APPICON_NAME = AppIcon;
				ASSETCATALOG_COMPILER_GLOBAL_ACCENT_COLOR_NAME = AccentColor;
				CODE_SIGN_STYLE = Automatic;
				CURRENT_PROJECT_VERSION = 1;
				DEVELOPMENT_ASSET_PATHS = "\"BloodBank/Resources/Preview Content\"";
				ENABLE_PREVIEWS = YES;
				GENERATE_INFOPLIST_FILE = YES;
				INFOPLIST_KEY_UIApplicationSceneManifest_Generation = YES;
				INFOPLIST_KEY_UIApplicationSupportsIndirectInputEvents = YES;
				INFOPLIST_KEY_UILaunchScreen_Generation = YES;
				INFOPLIST_KEY_UISupportedInterfaceOrientations_iPad = "UIInterfaceOrientationPortrait UIInterfaceOrientationPortraitUpsideDown UIInterfaceOrientationLandscapeLeft UIInterfaceOrientationLandscapeRight";
				INFOPLIST_KEY_UISupportedInterfaceOrientations_iPhone = "UIInterfaceOrientationPortrait UIInterfaceOrientationLandscapeLeft UIInterfaceOrientationLandscapeRight";
				LD_RUNPATH_SEARCH_PATHS = (
					"$(inherited)",
					"@executable_path/Frameworks",
				);
				MARKETING_VERSION = 1.0;
				PRODUCT_BUNDLE_IDENTIFIER = Pratik.BloodBank;
				PRODUCT_NAME = "$(TARGET_NAME)";
				SWIFT_EMIT_LOC_STRINGS = YES;
				SWIFT_VERSION = 5.0;
				TARGETED_DEVICE_FAMILY = "1,2";
			};
			name = Release;
		};
		F35297D92E4BA68600EFFC51 /* Debug */ = {
			isa = XCBuildConfiguration;
			buildSettings = {
				ALWAYS_EMBED_SWIFT_STANDARD_LIBRARIES = YES;
				BUNDLE_LOADER = "$(TEST_HOST)";
				CODE_SIGN_STYLE = Automatic;
				CURRENT_PROJECT_VERSION = 1;
				GENERATE_INFOPLIST_FILE = YES;
				IPHONEOS_DEPLOYMENT_TARGET = 16.2;
				MARKETING_VERSION = 1.0;
				PRODUCT_BUNDLE_IDENTIFIER = Pratik.BloodBankTests;
				PRODUCT_NAME = "$(TARGET_NAME)";
				SWIFT_EMIT_LOC_STRINGS = NO;
				SWIFT_VERSION = 5.0;
				TARGETED_DEVICE_FAMILY = "1,2";
				TEST_HOST = "$(BUILT_PRODUCTS_DIR)/BloodBank.app/$(BUNDLE_EXECUTABLE_FOLDER_PATH)/BloodBank";
			};
			name = Debug;
		};
		F35297DA2E4BA68600EFFC51 /* Release */ = {
			isa = XCBuildConfiguration;
			buildSettings = {
				ALWAYS_EMBED_SWIFT_STANDARD_LIBRARIES = YES;
				BUNDLE_LOADER = "$(TEST_HOST)";
				CODE_SIGN_STYLE = Automatic;
				CURRENT_PROJECT_VERSION = 1;
				GENERATE_INFOPLIST_FILE = YES;
				IPHONEOS_DEPLOYMENT_TARGET = 16.2;
				MARKETING_VERSION = 1.0;
				PRODUCT_BUNDLE_IDENTIFIER = Pratik.BloodBankTests;
				PRODUCT_NAME = "$(TARGET_NAME)";
				SWIFT_EMIT_LOC_STRINGS = NO;
				SWIFT_VERSION = 5.0;
				TARGETED_DEVICE_FAMILY = "1,2";
				TEST_HOST = "$(BUILT_PRODUCTS_DIR)/BloodBank.app/$(BUNDLE_EXECUTABLE_FOLDER_PATH)/BloodBank";
			};
			name = Release;
		};
		F35297DC2E4BA68600EFFC51 /* Debug */ = {
			isa = XCBuildConfiguration;
			buildSettings = {
				ALWAYS_EMBED_SWIFT_STANDARD_LIBRARIES = YES;
				CODE_SIGN_STYLE = Automatic;
				CURRENT_PROJECT_VERSION = 1;
				GENERATE_INFOPLIST_FILE = YES;
				MARKETING_VERSION = 1.0;
				PRODUCT_BUNDLE_IDENTIFIER = Pratik.BloodBankUITests;
				PRODUCT_NAME = "$(TARGET_NAME)";
				SWIFT_EMIT_LOC_STRINGS = NO;
				SWIFT_VERSION = 5.0;
				TARGETED_DEVICE_FAMILY = "1,2";
				TEST_TARGET_NAME = BloodBank;
			};
			name = Debug;
		};
		F35297DD2E4BA68600EFFC51 /* Release */ = {
			isa = XCBuildConfiguration;
			buildSettings = {
				ALWAYS_EMBED_SWIFT_STANDARD_LIBRARIES = YES;
				CODE_SIGN_STYLE = Automatic;
				CURRENT_PROJECT_VERSION = 1;
				GENERATE_INFOPLIST_FILE = YES;
				MARKETING_VERSION = 1.0;
				PRODUCT_BUNDLE_IDENTIFIER = Pratik.BloodBankUITests;
				PRODUCT_NAME = "$(TARGET_NAME)";
				SWIFT_EMIT_LOC_STRINGS = NO;
				SWIFT_VERSION = 5.0;
				TARGETED_DEVICE_FAMILY = "1,2";
				TEST_TARGET_NAME = BloodBank;
			};
			name = Release;
		};
/* End XCBuildConfiguration section */

/* Begin XCConfigurationList section */
		F35297AC2E4BA68100EFFC51 /* Build configuration list for PBXProject "BloodBank" */ = {
			isa = XCConfigurationList;
			buildConfigurations = (
				F35297D32E4BA68600EFFC51 /* Debug */,
				F35297D42E4BA68600EFFC51 /* Release */,
			);
			defaultConfigurationIsVisible = 0;
			defaultConfigurationName = Release;
		};
		F35297D52E4BA68600EFFC51 /* Build configuration list for PBXNativeTarget "BloodBank" */ = {
			isa = XCConfigurationList;
			buildConfigurations = (
				F35297D62E4BA68600EFFC51 /* Debug */,
				F35297D72E4BA68600EFFC51 /* Release */,
			);
			defaultConfigurationIsVisible = 0;
			defaultConfigurationName = Release;
		};
		F35297D82E4BA68600EFFC51 /* Build configuration list for PBXNativeTarget "BloodBankTests" */ = {
			isa = XCConfigurationList;
			buildConfigurations = (
				F35297D92E4BA68600EFFC51 /* Debug */,
				F35297DA2E4BA68600EFFC51 /* Release */,
			);
			defaultConfigurationIsVisible = 0;
			defaultConfigurationName = Release;
		};
		F35297DB2E4BA68600EFFC51 /* Build configuration list for PBXNativeTarget "BloodBankUITests" */ = {
			isa = XCConfigurationList;
			buildConfigurations = (
				F35297DC2E4BA68600EFFC51 /* Debug */,
				F35297DD2E4BA68600EFFC51 /* Release */,
			);
			defaultConfigurationIsVisible = 0;
			defaultConfigurationName = Release;
		};
/* End XCConfigurationList section */
	};
	rootObject = F35297A92E4BA68100EFFC51 /* Project object */;
}
